
Microsoft Visual Studio Solution File, Format Version 12.00
# Visual Studio Version 17
VisualStudioVersion = 17.3.32804.467
MinimumVisualStudioVersion = 10.0.40219.1
Project("{9A19103F-16F7-4668-BE54-9A1E7A4F7556}") = "TangyWeb_Server", "TangyWeb_Server\TangyWeb_Server.csproj", "{28724C06-8D23-4FAD-A5E8-5EC6586383A3}"
EndProject
Project("{9A19103F-16F7-4668-BE54-9A1E7A4F7556}") = "TangyWeb_Client", "TangyWeb_Client\TangyWeb_Client.csproj", "{607BA09B-5053-4011-A1C3-FCBF913D1B8F}"
EndProject
Project("{9A19103F-16F7-4668-BE54-9A1E7A4F7556}") = "Tangy_Models", "Tangy_Models\Tangy_Models.csproj", "{BB16FBCD-0721-4C49-A8D3-6BC510D549CB}"
EndProject
Project("{9A19103F-16F7-4668-BE54-9A1E7A4F7556}") = "Tangy_Business", "Tangy_Business\Tangy_Business.csproj", "{9147F9DD-8AC2-4FA0-BEDE-43963DE8508A}"
EndProject
Project("{9A19103F-16F7-4668-BE54-9A1E7A4F7556}") = "Tangy_Common", "Tangy_Common\Tangy_Common.csproj", "{9DFC8509-1ACD-4403-8369-3A6E4C7F6E2A}"
EndProject
Project("{9A19103F-16F7-4668-BE54-9A1E7A4F7556}") = "Tangy_DataAccess", "Tangy_DataAccess\Tangy_DataAccess.csproj", "{E0153C85-AE55-45B2-B0A9-38CA76DB71F6}"
EndProject
Global
	GlobalSection(SolutionConfigurationPlatforms) = preSolution
		Debug|Any CPU = Debug|Any CPU
		Release|Any CPU = Release|Any CPU
	EndGlobalSection
	GlobalSection(ProjectConfigurationPlatforms) = postSolution
		{28724C06-8D23-4FAD-A5E8-5EC6586383A3}.Debug|Any CPU.ActiveCfg = Debug|Any CPU
		{28724C06-8D23-4FAD-A5E8-5EC6586383A3}.Debug|Any CPU.Build.0 = Debug|Any CPU
		{28724C06-8D23-4FAD-A5E8-5EC6586383A3}.Release|Any CPU.ActiveCfg = Release|Any CPU
		{28724C06-8D23-4FAD-A5E8-5EC6586383A3}.Release|Any CPU.Build.0 = Release|Any CPU
		{607BA09B-5053-4011-A1C3-FCBF913D1B8F}.Debug|Any CPU.ActiveCfg = Debug|Any CPU
		{607BA09B-5053-4011-A1C3-FCBF913D1B8F}.Debug|Any CPU.Build.0 = Debug|Any CPU
		{607BA09B-5053-4011-A1C3-FCBF913D1B8F}.Release|Any CPU.ActiveCfg = Release|Any CPU
		{607BA09B-5053-4011-A1C3-FCBF913D1B8F}.Release|Any CPU.Build.0 = Release|Any CPU
		{BB16FBCD-0721-4C49-A8D3-6BC510D549CB}.Debug|Any CPU.ActiveCfg = Debug|Any CPU
		{BB16FBCD-0721-4C49-A8D3-6BC510D549CB}.Debug|Any CPU.Build.0 = Debug|Any CPU
		{BB16FBCD-0721-4C49-A8D3-6BC510D549CB}.Release|Any CPU.ActiveCfg = Release|Any CPU
		{BB16FBCD-0721-4C49-A8D3-6BC510D549CB}.Release|Any CPU.Build.0 = Release|Any CPU
		{9147F9DD-8AC2-4FA0-BEDE-43963DE8508A}.Debug|Any CPU.ActiveCfg = Debug|Any CPU
		{9147F9DD-8AC2-4FA0-BEDE-43963DE8508A}.Debug|Any CPU.Build.0 = Debug|Any CPU
		{9147F9DD-8AC2-4FA0-BEDE-43963DE8508A}.Release|Any CPU.ActiveCfg = Release|Any CPU
		{9147F9DD-8AC2-4FA0-BEDE-43963DE8508A}.Release|Any CPU.Build.0 = Release|Any CPU
		{9DFC8509-1ACD-4403-8369-3A6E4C7F6E2A}.Debug|Any CPU.ActiveCfg = Debug|Any CPU
		{9DFC8509-1ACD-4403-8369-3A6E4C7F6E2A}.Debug|Any CPU.Build.0 = Debug|Any CPU
		{9DFC8509-1ACD-4403-8369-3A6E4C7F6E2A}.Release|Any CPU.ActiveCfg = Release|Any CPU
		{9DFC8509-1ACD-4403-8369-3A6E4C7F6E2A}.Release|Any CPU.Build.0 = Release|Any CPU
		{E0153C85-AE55-45B2-B0A9-38CA76DB71F6}.Debug|Any CPU.ActiveCfg = Debug|Any CPU
		{E0153C85-AE55-45B2-B0A9-38CA76DB71F6}.Debug|Any CPU.Build.0 = Debug|Any CPU
		{E0153C85-AE55-45B2-B0A9-38CA76DB71F6}.Release|Any CPU.ActiveCfg = Release|Any CPU
		{E0153C85-AE55-45B2-B0A9-38CA76DB71F6}.Release|Any CPU.Build.0 = Release|Any CPU
	EndGlobalSection
	GlobalSection(SolutionProperties) = preSolution
		HideSolutionNode = FALSE
	EndGlobalSection
	GlobalSection(ExtensibilityGlobals) = postSolution
		SolutionGuid = {6669661A-48AE-4232-8B0C-2BA32158CE18}
	EndGlobalSection
EndGlobal
